// !$*UTF8*$!
{
	archiveVersion = 1;
	classes = {
	};
	objectVersion = 55;
	objects = {

/* Begin PBXBuildFile section */
		B575274B27EEC16600964BE7 /* JournalApp.swift in Sources */ = {isa = PBXBuildFile; fileRef = B575274A27EEC16600964BE7 /* JournalApp.swift */; };
		B575274D27EEC16600964BE7 /* ContentView.swift in Sources */ = {isa = PBXBuildFile; fileRef = B575274C27EEC16600964BE7 /* ContentView.swift */; };
		B575274F27EEC16700964BE7 /* Assets.xcassets in Resources */ = {isa = PBXBuildFile; fileRef = B575274E27EEC16700964BE7 /* Assets.xcassets */; };
		B575275227EEC16700964BE7 /* Preview Assets.xcassets in Resources */ = {isa = PBXBuildFile; fileRef = B575275127EEC16700964BE7 /* Preview Assets.xcassets */; };
		B575275D27EEC16800964BE7 /* JournalTests.swift in Sources */ = {isa = PBXBuildFile; fileRef = B575275C27EEC16800964BE7 /* JournalTests.swift */; };
		B575276727EEC16800964BE7 /* JournalUITests.swift in Sources */ = {isa = PBXBuildFile; fileRef = B575276627EEC16800964BE7 /* JournalUITests.swift */; };
		B575276927EEC16800964BE7 /* JournalUITestsLaunchTests.swift in Sources */ = {isa = PBXBuildFile; fileRef = B575276827EEC16800964BE7 /* JournalUITestsLaunchTests.swift */; };
		B575277627EEC42400964BE7 /* SearchBar.swift in Sources */ = {isa = PBXBuildFile; fileRef = B575277527EEC42400964BE7 /* SearchBar.swift */; };
		B575277827EEC83100964BE7 /* SingleNote.swift in Sources */ = {isa = PBXBuildFile; fileRef = B575277727EEC83100964BE7 /* SingleNote.swift */; };
		B575277A27EEC84800964BE7 /* NoteViewModel.swift in Sources */ = {isa = PBXBuildFile; fileRef = B575277927EEC84800964BE7 /* NoteViewModel.swift */; };
/* End PBXBuildFile section */

/* Begin PBXContainerItemProxy section */
		B575275927EEC16800964BE7 /* PBXContainerItemProxy */ = {
			isa = PBXContainerItemProxy;
			containerPortal = B575273F27EEC16600964BE7 /* Project object */;
			proxyType = 1;
			remoteGlobalIDString = B575274627EEC16600964BE7;
			remoteInfo = Journal;
		};
		B575276327EEC16800964BE7 /* PBXContainerItemProxy */ = {
			isa = PBXContainerItemProxy;
			containerPortal = B575273F27EEC16600964BE7 /* Project object */;
			proxyType = 1;
			remoteGlobalIDString = B575274627EEC16600964BE7;
			remoteInfo = Journal;
		};
/* End PBXContainerItemProxy section */

/* Begin PBXFileReference section */
		B575274727EEC16600964BE7 /* Journal.app */ = {isa = PBXFileReference; explicitFileType = wrapper.application; includeInIndex = 0; path = Journal.app; sourceTree = BUILT_PRODUCTS_DIR; };
		B575274A27EEC16600964BE7 /* JournalApp.swift */ = {isa = PBXFileReference; lastKnownFileType = sourcecode.swift; path = JournalApp.swift; sourceTree = "<group>"; };
		B575274C27EEC16600964BE7 /* ContentView.swift */ = {isa = PBXFileReference; lastKnownFileType = sourcecode.swift; path = ContentView.swift; sourceTree = "<group>"; };
		B575274E27EEC16700964BE7 /* Assets.xcassets */ = {isa = PBXFileReference; lastKnownFileType = folder.assetcatalog; path = Assets.xcassets; sourceTree = "<group>"; };
		B575275127EEC16700964BE7 /* Preview Assets.xcassets */ = {isa = PBXFileReference; lastKnownFileType = folder.assetcatalog; path = "Preview Assets.xcassets"; sourceTree = "<group>"; };
		B575275327EEC16700964BE7 /* Journal.entitlements */ = {isa = PBXFileReference; lastKnownFileType = text.plist.entitlements; path = Journal.entitlements; sourceTree = "<group>"; };
		B575275827EEC16700964BE7 /* JournalTests.xctest */ = {isa = PBXFileReference; explicitFileType = wrapper.cfbundle; includeInIndex = 0; path = JournalTests.xctest; sourceTree = BUILT_PRODUCTS_DIR; };
		B575275C27EEC16800964BE7 /* JournalTests.swift */ = {isa = PBXFileReference; lastKnownFileType = sourcecode.swift; path = JournalTests.swift; sourceTree = "<group>"; };
		B575276227EEC16800964BE7 /* JournalUITests.xctest */ = {isa = PBXFileReference; explicitFileType = wrapper.cfbundle; includeInIndex = 0; path = JournalUITests.xctest; sourceTree = BUILT_PRODUCTS_DIR; };
		B575276627EEC16800964BE7 /* JournalUITests.swift */ = {isa = PBXFileReference; lastKnownFileType = sourcecode.swift; path = JournalUITests.swift; sourceTree = "<group>"; };
		B575276827EEC16800964BE7 /* JournalUITestsLaunchTests.swift */ = {isa = PBXFileReference; lastKnownFileType = sourcecode.swift; path = JournalUITestsLaunchTests.swift; sourceTree = "<group>"; };
		B575277527EEC42400964BE7 /* SearchBar.swift */ = {isa = PBXFileReference; lastKnownFileType = sourcecode.swift; path = SearchBar.swift; sourceTree = "<group>"; };
		B575277727EEC83100964BE7 /* SingleNote.swift */ = {isa = PBXFileReference; lastKnownFileType = sourcecode.swift; path = SingleNote.swift; sourceTree = "<group>"; };
		B575277927EEC84800964BE7 /* NoteViewModel.swift */ = {isa = PBXFileReference; lastKnownFileType = sourcecode.swift; path = NoteViewModel.swift; sourceTree = "<group>"; };
/* End PBXFileReference section */

/* Begin PBXFrameworksBuildPhase section */
		B575274427EEC16600964BE7 /* Frameworks */ = {
			isa = PBXFrameworksBuildPhase;
			buildActionMask = 2147483647;
			files = (
			);
			runOnlyForDeploymentPostprocessing = 0;
		};
		B575275527EEC16700964BE7 /* Frameworks */ = {
			isa = PBXFrameworksBuildPhase;
			buildActionMask = 2147483647;
			files = (
			);
			runOnlyForDeploymentPostprocessing = 0;
		};
		B575275F27EEC16800964BE7 /* Frameworks */ = {
			isa = PBXFrameworksBuildPhase;
			buildActionMask = 2147483647;
			files = (
			);
			runOnlyForDeploymentPostprocessing = 0;
		};
/* End PBXFrameworksBuildPhase section */

/* Begin PBXGroup section */
		B575273E27EEC16600964BE7 = {
			isa = PBXGroup;
			children = (
				B575274927EEC16600964BE7 /* Journal */,
				B575275B27EEC16800964BE7 /* JournalTests */,
				B575276527EEC16800964BE7 /* JournalUITests */,
				B575274827EEC16600964BE7 /* Products */,
			);
			sourceTree = "<group>";
		};
		B575274827EEC16600964BE7 /* Products */ = {
			isa = PBXGroup;
			children = (
				B575274727EEC16600964BE7 /* Journal.app */,
				B575275827EEC16700964BE7 /* JournalTests.xctest */,
				B575276227EEC16800964BE7 /* JournalUITests.xctest */,
			);
			name = Products;
			sourceTree = "<group>";
		};
		B575274927EEC16600964BE7 /* Journal */ = {
			isa = PBXGroup;
			children = (
				B575274A27EEC16600964BE7 /* JournalApp.swift */,
				B575274C27EEC16600964BE7 /* ContentView.swift */,
				B575274E27EEC16700964BE7 /* Assets.xcassets */,
				B575275327EEC16700964BE7 /* Journal.entitlements */,
				B575275027EEC16700964BE7 /* Preview Content */,
				B575277527EEC42400964BE7 /* SearchBar.swift */,
				B575277727EEC83100964BE7 /* SingleNote.swift */,
				B575277927EEC84800964BE7 /* NoteViewModel.swift */,
			);
			path = Journal;
			sourceTree = "<group>";
		};
		B575275027EEC16700964BE7 /* Preview Content */ = {
			isa = PBXGroup;
			children = (
				B575275127EEC16700964BE7 /* Preview Assets.xcassets */,
			);
			path = "Preview Content";
			sourceTree = "<group>";
		};
		B575275B27EEC16800964BE7 /* JournalTests */ = {
			isa = PBXGroup;
			children = (
				B575275C27EEC16800964BE7 /* JournalTests.swift */,
			);
			path = JournalTests;
			sourceTree = "<group>";
		};
		B575276527EEC16800964BE7 /* JournalUITests */ = {
			isa = PBXGroup;
			children = (
				B575276627EEC16800964BE7 /* JournalUITests.swift */,
				B575276827EEC16800964BE7 /* JournalUITestsLaunchTests.swift */,
			);
			path = JournalUITests;
			sourceTree = "<group>";
		};
/* End PBXGroup section */

/* Begin PBXNativeTarget section */
		B575274627EEC16600964BE7 /* Journal */ = {
			isa = PBXNativeTarget;
			buildConfigurationList = B575276C27EEC16800964BE7 /* Build configuration list for PBXNativeTarget "Journal" */;
			buildPhases = (
				B575274327EEC16600964BE7 /* Sources */,
				B575274427EEC16600964BE7 /* Frameworks */,
				B575274527EEC16600964BE7 /* Resources */,
			);
			buildRules = (
			);
			dependencies = (
			);
			name = Journal;
			productName = Journal;
			productReference = B575274727EEC16600964BE7 /* Journal.app */;
			productType = "com.apple.product-type.application";
		};
		B575275727EEC16700964BE7 /* JournalTests */ = {
			isa = PBXNativeTarget;
			buildConfigurationList = B575276F27EEC16800964BE7 /* Build configuration list for PBXNativeTarget "JournalTests" */;
			buildPhases = (
				B575275427EEC16700964BE7 /* Sources */,
				B575275527EEC16700964BE7 /* Frameworks */,
				B575275627EEC16700964BE7 /* Resources */,
			);
			buildRules = (
			);
			dependencies = (
				B575275A27EEC16800964BE7 /* PBXTargetDependency */,
			);
			name = JournalTests;
			productName = JournalTests;
			productReference = B575275827EEC16700964BE7 /* JournalTests.xctest */;
			productType = "com.apple.product-type.bundle.unit-test";
		};
		B575276127EEC16800964BE7 /* JournalUITests */ = {
			isa = PBXNativeTarget;
			buildConfigurationList = B575277227EEC16800964BE7 /* Build configuration list for PBXNativeTarget "JournalUITests" */;
			buildPhases = (
				B575275E27EEC16800964BE7 /* Sources */,
				B575275F27EEC16800964BE7 /* Frameworks */,
				B575276027EEC16800964BE7 /* Resources */,
			);
			buildRules = (
			);
			dependencies = (
				B575276427EEC16800964BE7 /* PBXTargetDependency */,
			);
			name = JournalUITests;
			productName = JournalUITests;
			productReference = B575276227EEC16800964BE7 /* JournalUITests.xctest */;
			productType = "com.apple.product-type.bundle.ui-testing";
		};
/* End PBXNativeTarget section */

/* Begin PBXProject section */
		B575273F27EEC16600964BE7 /* Project object */ = {
			isa = PBXProject;
			attributes = {
				BuildIndependentTargetsInParallel = 1;
				LastSwiftUpdateCheck = 1320;
				LastUpgradeCheck = 1320;
				TargetAttributes = {
					B575274627EEC16600964BE7 = {
						CreatedOnToolsVersion = 13.2.1;
					};
					B575275727EEC16700964BE7 = {
						CreatedOnToolsVersion = 13.2.1;
						TestTargetID = B575274627EEC16600964BE7;
					};
					B575276127EEC16800964BE7 = {
						CreatedOnToolsVersion = 13.2.1;
						TestTargetID = B575274627EEC16600964BE7;
					};
				};
			};
			buildConfigurationList = B575274227EEC16600964BE7 /* Build configuration list for PBXProject "Journal" */;
			compatibilityVersion = "Xcode 13.0";
			developmentRegion = en;
			hasScannedForEncodings = 0;
			knownRegions = (
				en,
				Base,
			);
			mainGroup = B575273E27EEC16600964BE7;
			productRefGroup = B575274827EEC16600964BE7 /* Products */;
			projectDirPath = "";
			projectRoot = "";
			targets = (
				B575274627EEC16600964BE7 /* Journal */,
				B575275727EEC16700964BE7 /* JournalTests */,
				B575276127EEC16800964BE7 /* JournalUITests */,
			);
		};
/* End PBXProject section */

/* Begin PBXResourcesBuildPhase section */
		B575274527EEC16600964BE7 /* Resources */ = {
			isa = PBXResourcesBuildPhase;
			buildActionMask = 2147483647;
			files = (
				B575275227EEC16700964BE7 /* Preview Assets.xcassets in Resources */,
				B575274F27EEC16700964BE7 /* Assets.xcassets in Resources */,
			);
			runOnlyForDeploymentPostprocessing = 0;
		};
		B575275627EEC16700964BE7 /* Resources */ = {
			isa = PBXResourcesBuildPhase;
			buildActionMask = 2147483647;
			files = (
			);
			runOnlyForDeploymentPostprocessing = 0;
		};
		B575276027EEC16800964BE7 /* Resources */ = {
			isa = PBXResourcesBuildPhase;
			buildActionMask = 2147483647;
			files = (
			);
			runOnlyForDeploymentPostprocessing = 0;
		};
/* End PBXResourcesBuildPhase section */

/* Begin PBXSourcesBuildPhase section */
		B575274327EEC16600964BE7 /* Sources */ = {
			isa = PBXSourcesBuildPhase;
			buildActionMask = 2147483647;
			files = (
				B575277A27EEC84800964BE7 /* NoteViewModel.swift in Sources */,
				B575274D27EEC16600964BE7 /* ContentView.swift in Sources */,
				B575274B27EEC16600964BE7 /* JournalApp.swift in Sources */,
				B575277627EEC42400964BE7 /* SearchBar.swift in Sources */,
				B575277827EEC83100964BE7 /* SingleNote.swift in Sources */,
			);
			runOnlyForDeploymentPostprocessing = 0;
		};
		B575275427EEC16700964BE7 /* Sources */ = {
			isa = PBXSourcesBuildPhase;
			buildActionMask = 2147483647;
			files = (
				B575275D27EEC16800964BE7 /* JournalTests.swift in Sources */,
			);
			runOnlyForDeploymentPostprocessing = 0;
		};
		B575275E27EEC16800964BE7 /* Sources */ = {
			isa = PBXSourcesBuildPhase;
			buildActionMask = 2147483647;
			files = (
				B575276927EEC16800964BE7 /* JournalUITestsLaunchTests.swift in Sources */,
				B575276727EEC16800964BE7 /* JournalUITests.swift in Sources */,
			);
			runOnlyForDeploymentPostprocessing = 0;
		};
/* End PBXSourcesBuildPhase section */

/* Begin PBXTargetDependency section */
		B575275A27EEC16800964BE7 /* PBXTargetDependency */ = {
			isa = PBXTargetDependency;
			target = B575274627EEC16600964BE7 /* Journal */;
			targetProxy = B575275927EEC16800964BE7 /* PBXContainerItemProxy */;
		};
		B575276427EEC16800964BE7 /* PBXTargetDependency */ = {
			isa = PBXTargetDependency;
			target = B575274627EEC16600964BE7 /* Journal */;
			targetProxy = B575276327EEC16800964BE7 /* PBXContainerItemProxy */;
		};
/* End PBXTargetDependency section */

/* Begin XCBuildConfiguration section */
		B575276A27EEC16800964BE7 /* Debug */ = {
			isa = XCBuildConfiguration;
			buildSettings = {
				ALWAYS_SEARCH_USER_PATHS = NO;
				CLANG_ANALYZER_NONNULL = YES;
				CLANG_ANALYZER_NUMBER_OBJECT_CONVERSION = YES_AGGRESSIVE;
				CLANG_CXX_LANGUAGE_STANDARD = "gnu++17";
				CLANG_CXX_LIBRARY = "libc++";
				CLANG_ENABLE_MODULES = YES;
				CLANG_ENABLE_OBJC_ARC = YES;
				CLANG_ENABLE_OBJC_WEAK = YES;
				CLANG_WARN_BLOCK_CAPTURE_AUTORELEASING = YES;
				CLANG_WARN_BOOL_CONVERSION = YES;
				CLANG_WARN_COMMA = YES;
				CLANG_WARN_CONSTANT_CONVERSION = YES;
				CLANG_WARN_DEPRECATED_OBJC_IMPLEMENTATIONS = YES;
				CLANG_WARN_DIRECT_OBJC_ISA_USAGE = YES_ERROR;
				CLANG_WARN_DOCUMENTATION_COMMENTS = YES;
				CLANG_WARN_EMPTY_BODY = YES;
				CLANG_WARN_ENUM_CONVERSION = YES;
				CLANG_WARN_INFINITE_RECURSION = YES;
				CLANG_WARN_INT_CONVERSION = YES;
				CLANG_WARN_NON_LITERAL_NULL_CONVERSION = YES;
				CLANG_WARN_OBJC_IMPLICIT_RETAIN_SELF = YES;
				CLANG_WARN_OBJC_LITERAL_CONVERSION = YES;
				CLANG_WARN_OBJC_ROOT_CLASS = YES_ERROR;
				CLANG_WARN_QUOTED_INCLUDE_IN_FRAMEWORK_HEADER = YES;
				CLANG_WARN_RANGE_LOOP_ANALYSIS = YES;
				CLANG_WARN_STRICT_PROTOTYPES = YES;
				CLANG_WARN_SUSPICIOUS_MOVE = YES;
				CLANG_WARN_UNGUARDED_AVAILABILITY = YES_AGGRESSIVE;
				CLANG_WARN_UNREACHABLE_CODE = YES;
				CLANG_WARN__DUPLICATE_METHOD_MATCH = YES;
				COPY_PHASE_STRIP = NO;
				DEBUG_INFORMATION_FORMAT = dwarf;
				ENABLE_STRICT_OBJC_MSGSEND = YES;
				ENABLE_TESTABILITY = YES;
				GCC_C_LANGUAGE_STANDARD = gnu11;
				GCC_DYNAMIC_NO_PIC = NO;
				GCC_NO_COMMON_BLOCKS = YES;
				GCC_OPTIMIZATION_LEVEL = 0;
				GCC_PREPROCESSOR_DEFINITIONS = (
					"DEBUG=1",
					"$(inherited)",
				);
				GCC_WARN_64_TO_32_BIT_CONVERSION = YES;
				GCC_WARN_ABOUT_RETURN_TYPE = YES_ERROR;
				GCC_WARN_UNDECLARED_SELECTOR = YES;
				GCC_WARN_UNINITIALIZED_AUTOS = YES_AGGRESSIVE;
				GCC_WARN_UNUSED_FUNCTION = YES;
				GCC_WARN_UNUSED_VARIABLE = YES;
				MACOSX_DEPLOYMENT_TARGET = 12.1;
				MTL_ENABLE_DEBUG_INFO = INCLUDE_SOURCE;
				MTL_FAST_MATH = YES;
				ONLY_ACTIVE_ARCH = YES;
				SDKROOT = macosx;
				SWIFT_ACTIVE_COMPILATION_CONDITIONS = DEBUG;
				SWIFT_OPTIMIZATION_LEVEL = "-Onone";
			};
			name = Debug;
		};
		B575276B27EEC16800964BE7 /* Release */ = {
			isa = XCBuildConfiguration;
			buildSettings = {
				ALWAYS_SEARCH_USER_PATHS = NO;
				CLANG_ANALYZER_NONNULL = YES;
				CLANG_ANALYZER_NUMBER_OBJECT_CONVERSION = YES_AGGRESSIVE;
				CLANG_CXX_LANGUAGE_STANDARD = "gnu++17";
				CLANG_CXX_LIBRARY = "libc++";
				CLANG_ENABLE_MODULES = YES;
				CLANG_ENABLE_OBJC_ARC = YES;
				CLANG_ENABLE_OBJC_WEAK = YES;
				CLANG_WARN_BLOCK_CAPTURE_AUTORELEASING = YES;
				CLANG_WARN_BOOL_CONVERSION = YES;
				CLANG_WARN_COMMA = YES;
				CLANG_WARN_CONSTANT_CONVERSION = YES;
				CLANG_WARN_DEPRECATED_OBJC_IMPLEMENTATIONS = YES;
				CLANG_WARN_DIRECT_OBJC_ISA_USAGE = YES_ERROR;
				CLANG_WARN_DOCUMENTATION_COMMENTS = YES;
				CLANG_WARN_EMPTY_BODY = YES;
				CLANG_WARN_ENUM_CONVERSION = YES;
				CLANG_WARN_INFINITE_RECURSION = YES;
				CLANG_WARN_INT_CONVERSION = YES;
				CLANG_WARN_NON_LITERAL_NULL_CONVERSION = YES;
				CLANG_WARN_OBJC_IMPLICIT_RETAIN_SELF = YES;
				CLANG_WARN_OBJC_LITERAL_CONVERSION = YES;
				CLANG_WARN_OBJC_ROOT_CLASS = YES_ERROR;
				CLANG_WARN_QUOTED_INCLUDE_IN_FRAMEWORK_HEADER = YES;
				CLANG_WARN_RANGE_LOOP_ANALYSIS = YES;
				CLANG_WARN_STRICT_PROTOTYPES = YES;
				CLANG_WARN_SUSPICIOUS_MOVE = YES;
				CLANG_WARN_UNGUARDED_AVAILABILITY = YES_AGGRESSIVE;
				CLANG_WARN_UNREACHABLE_CODE = YES;
				CLANG_WARN__DUPLICATE_METHOD_MATCH = YES;
				COPY_PHASE_STRIP = NO;
				DEBUG_INFORMATION_FORMAT = "dwarf-with-dsym";
				ENABLE_NS_ASSERTIONS = NO;
				ENABLE_STRICT_OBJC_MSGSEND = YES;
				GCC_C_LANGUAGE_STANDARD = gnu11;
				GCC_NO_COMMON_BLOCKS = YES;
				GCC_WARN_64_TO_32_BIT_CONVERSION = YES;
				GCC_WARN_ABOUT_RETURN_TYPE = YES_ERROR;
				GCC_WARN_UNDECLARED_SELECTOR = YES;
				GCC_WARN_UNINITIALIZED_AUTOS = YES_AGGRESSIVE;
				GCC_WARN_UNUSED_FUNCTION = YES;
				GCC_WARN_UNUSED_VARIABLE = YES;
				MACOSX_DEPLOYMENT_TARGET = 12.1;
				MTL_ENABLE_DEBUG_INFO = NO;
				MTL_FAST_MATH = YES;
				SDKROOT = macosx;
				SWIFT_COMPILATION_MODE = wholemodule;
				SWIFT_OPTIMIZATION_LEVEL = "-O";
			};
			name = Release;
		};
		B575276D27EEC16800964BE7 /* Debug */ = {
			isa = XCBuildConfiguration;
			buildSettings = {
				ASSETCATALOG_COMPILER_APPICON_NAME = AppIcon;
				ASSETCATALOG_COMPILER_GLOBAL_ACCENT_COLOR_NAME = AccentColor;
				CODE_SIGN_ENTITLEMENTS = Journal/Journal.entitlements;
				CODE_SIGN_STYLE = Automatic;
				COMBINE_HIDPI_IMAGES = YES;
				CURRENT_PROJECT_VERSION = 1;
				DEVELOPMENT_ASSET_PATHS = "\"Journal/Preview Content\"";
				DEVELOPMENT_TEAM = DP35G3JNX9;
				ENABLE_HARDENED_RUNTIME = YES;
				ENABLE_PREVIEWS = YES;
				GENERATE_INFOPLIST_FILE = YES;
				INFOPLIST_KEY_NSHumanReadableCopyright = "";
				LD_RUNPATH_SEARCH_PATHS = (
					"$(inherited)",
					"@executable_path/../Frameworks",
				);
				MARKETING_VERSION = 1.0;
				PRODUCT_BUNDLE_IDENTIFIER = com.abdullahridwan.Journal;
				PRODUCT_NAME = "$(TARGET_NAME)";
				SWIFT_EMIT_LOC_STRINGS = YES;
				SWIFT_VERSION = 5.0;
			};
			name = Debug;
		};
		B575276E27EEC16800964BE7 /* Release */ = {
			isa = XCBuildConfiguration;
			buildSettings = {
				ASSETCATALOG_COMPILER_APPICON_NAME = AppIcon;
				ASSETCATALOG_COMPILER_GLOBAL_ACCENT_COLOR_NAME = AccentColor;
				CODE_SIGN_ENTITLEMENTS = Journal/Journal.entitlements;
				CODE_SIGN_STYLE = Automatic;
				COMBINE_HIDPI_IMAGES = YES;
				CURRENT_PROJECT_VERSION = 1;
				DEVELOPMENT_ASSET_PATHS = "\"Journal/Preview Content\"";
				DEVELOPMENT_TEAM = DP35G3JNX9;
				ENABLE_HARDENED_RUNTIME = YES;
				ENABLE_PREVIEWS = YES;
				GENERATE_INFOPLIST_FILE = YES;
				INFOPLIST_KEY_NSHumanReadableCopyright = "";
				LD_RUNPATH_SEARCH_PATHS = (
					"$(inherited)",
					"@executable_path/../Frameworks",
				);
				MARKETING_VERSION = 1.0;
				PRODUCT_BUNDLE_IDENTIFIER = com.abdullahridwan.Journal;
				PRODUCT_NAME = "$(TARGET_NAME)";
				SWIFT_EMIT_LOC_STRINGS = YES;
				SWIFT_VERSION = 5.0;
			};
			name = Release;
		};
		B575277027EEC16800964BE7 /* Debug */ = {
			isa = XCBuildConfiguration;
			buildSettings = {
				ALWAYS_EMBED_SWIFT_STANDARD_LIBRARIES = YES;
				BUNDLE_LOADER = "$(TEST_HOST)";
				CODE_SIGN_STYLE = Automatic;
				CURRENT_PROJECT_VERSION = 1;
				DEVELOPMENT_TEAM = DP35G3JNX9;
				GENERATE_INFOPLIST_FILE = YES;
				MACOSX_DEPLOYMENT_TARGET = 12.1;
				MARKETING_VERSION = 1.0;
				PRODUCT_BUNDLE_IDENTIFIER = com.abdullahridwan.JournalTests;
				PRODUCT_NAME = "$(TARGET_NAME)";
				SWIFT_EMIT_LOC_STRINGS = NO;
				SWIFT_VERSION = 5.0;
				TEST_HOST = "$(BUILT_PRODUCTS_DIR)/Journal.app/Contents/MacOS/Journal";
			};
			name = Debug;
		};
		B575277127EEC16800964BE7 /* Release */ = {
			isa = XCBuildConfiguration;
			buildSettings = {
				ALWAYS_EMBED_SWIFT_STANDARD_LIBRARIES = YES;
				BUNDLE_LOADER = "$(TEST_HOST)";
				CODE_SIGN_STYLE = Automatic;
				CURRENT_PROJECT_VERSION = 1;
				DEVELOPMENT_TEAM = DP35G3JNX9;
				GENERATE_INFOPLIST_FILE = YES;
				MACOSX_DEPLOYMENT_TARGET = 12.1;
				MARKETING_VERSION = 1.0;
				PRODUCT_BUNDLE_IDENTIFIER = com.abdullahridwan.JournalTests;
				PRODUCT_NAME = "$(TARGET_NAME)";
				SWIFT_EMIT_LOC_STRINGS = NO;
				SWIFT_VERSION = 5.0;
				TEST_HOST = "$(BUILT_PRODUCTS_DIR)/Journal.app/Contents/MacOS/Journal";
			};
			name = Release;
		};
		B575277327EEC16800964BE7 /* Debug */ = {
			isa = XCBuildConfiguration;
			buildSettings = {
				ALWAYS_EMBED_SWIFT_STANDARD_LIBRARIES = YES;
				CODE_SIGN_STYLE = Automatic;
				CURRENT_PROJECT_VERSION = 1;
				DEVELOPMENT_TEAM = DP35G3JNX9;
				GENERATE_INFOPLIST_FILE = YES;
				MARKETING_VERSION = 1.0;
				PRODUCT_BUNDLE_IDENTIFIER = com.abdullahridwan.JournalUITests;
				PRODUCT_NAME = "$(TARGET_NAME)";
				SWIFT_EMIT_LOC_STRINGS = NO;
				SWIFT_VERSION = 5.0;
				TEST_TARGET_NAME = Journal;
			};
			name = Debug;
		};
		B575277427EEC16800964BE7 /* Release */ = {
			isa = XCBuildConfiguration;
			buildSettings = {
				ALWAYS_EMBED_SWIFT_STANDARD_LIBRARIES = YES;
				CODE_SIGN_STYLE = Automatic;
				CURRENT_PROJECT_VERSION = 1;
				DEVELOPMENT_TEAM = DP35G3JNX9;
				GENERATE_INFOPLIST_FILE = YES;
				MARKETING_VERSION = 1.0;
				PRODUCT_BUNDLE_IDENTIFIER = com.abdullahridwan.JournalUITests;
				PRODUCT_NAME = "$(TARGET_NAME)";
				SWIFT_EMIT_LOC_STRINGS = NO;
				SWIFT_VERSION = 5.0;
				TEST_TARGET_NAME = Journal;
			};
			name = Release;
		};
/* End XCBuildConfiguration section */

/* Begin XCConfigurationList section */
		B575274227EEC16600964BE7 /* Build configuration list for PBXProject "Journal" */ = {
			isa = XCConfigurationList;
			buildConfigurations = (
				B575276A27EEC16800964BE7 /* Debug */,
				B575276B27EEC16800964BE7 /* Release */,
			);
			defaultConfigurationIsVisible = 0;
			defaultConfigurationName = Release;
		};
		B575276C27EEC16800964BE7 /* Build configuration list for PBXNativeTarget "Journal" */ = {
			isa = XCConfigurationList;
			buildConfigurations = (
				B575276D27EEC16800964BE7 /* Debug */,
				B575276E27EEC16800964BE7 /* Release */,
			);
			defaultConfigurationIsVisible = 0;
			defaultConfigurationName = Release;
		};
		B575276F27EEC16800964BE7 /* Build configuration list for PBXNativeTarget "JournalTests" */ = {
			isa = XCConfigurationList;
			buildConfigurations = (
				B575277027EEC16800964BE7 /* Debug */,
				B575277127EEC16800964BE7 /* Release */,
			);
			defaultConfigurationIsVisible = 0;
			defaultConfigurationName = Release;
		};
		B575277227EEC16800964BE7 /* Build configuration list for PBXNativeTarget "JournalUITests" */ = {
			isa = XCConfigurationList;
			buildConfigurations = (
				B575277327EEC16800964BE7 /* Debug */,
				B575277427EEC16800964BE7 /* Release */,
			);
			defaultConfigurationIsVisible = 0;
			defaultConfigurationName = Release;
		};
/* End XCConfigurationList section */
	};
	rootObject = B575273F27EEC16600964BE7 /* Project object */;
}
